
Microsoft Visual Studio Solution File, Format Version 12.00
# Visual Studio Version 17
VisualStudioVersion = 17.5.002.0
MinimumVisualStudioVersion = 10.0.40219.1
Project("{9A19103F-16F7-4668-BE54-9A1E7A4F7556}") = "csharp-oop-example", "csharp-oop-example.csproj", "{1431D4B5-39B7-4CFF-BA9F-E0033EE87148}"
EndProject
Global
	GlobalSection(SolutionConfigurationPlatforms) = preSolution
		Debug|Any CPU = Debug|Any CPU
		Release|Any CPU = Release|Any CPU
	EndGlobalSection
	GlobalSection(ProjectConfigurationPlatforms) = postSolution
		{1431D4B5-39B7-4CFF-BA9F-E0033EE87148}.Debug|Any CPU.ActiveCfg = Debug|Any CPU
		{1431D4B5-39B7-4CFF-BA9F-E0033EE87148}.Debug|Any CPU.Build.0 = Debug|Any CPU
		{1431D4B5-39B7-4CFF-BA9F-E0033EE87148}.Release|Any CPU.ActiveCfg = Release|Any CPU
		{1431D4B5-39B7-4CFF-BA9F-E0033EE87148}.Release|Any CPU.Build.0 = Release|Any CPU
	EndGlobalSection
	GlobalSection(SolutionProperties) = preSolution
		HideSolutionNode = FALSE
	EndGlobalSection
	GlobalSection(ExtensibilityGlobals) = postSolution
		SolutionGuid = {141CE57D-FD40-47EC-94CF-EBA8A8B98ED0}
	EndGlobalSection
EndGlobal
